
Microsoft Visual Studio Solution File, Format Version 12.00
# Visual Studio Version 17
VisualStudioVersion = 17.10.34928.147
MinimumVisualStudioVersion = 10.0.40219.1
Project("{FAE04EC0-301F-11D3-BF4B-00C04F79EFBC}") = "DesafioDIO", "DesafioDIO\DesafioDIO.csproj", "{C2D35D35-645C-4496-92F8-C0D5B2863DCB}"
EndProject
Project("{FAE04EC0-301F-11D3-BF4B-00C04F79EFBC}") = "TesteDesafio", "TesteDesafio\TesteDesafio.csproj", "{15F0E0A6-9213-48B4-BF14-E656D964BDEC}"
EndProject
Global
	GlobalSection(SolutionConfigurationPlatforms) = preSolution
		Debug|Any CPU = Debug|Any CPU
		Release|Any CPU = Release|Any CPU
	EndGlobalSection
	GlobalSection(ProjectConfigurationPlatforms) = postSolution
		{C2D35D35-645C-4496-92F8-C0D5B2863DCB}.Debug|Any CPU.ActiveCfg = Debug|Any CPU
		{C2D35D35-645C-4496-92F8-C0D5B2863DCB}.Debug|Any CPU.Build.0 = Debug|Any CPU
		{C2D35D35-645C-4496-92F8-C0D5B2863DCB}.Release|Any CPU.ActiveCfg = Release|Any CPU
		{C2D35D35-645C-4496-92F8-C0D5B2863DCB}.Release|Any CPU.Build.0 = Release|Any CPU
		{15F0E0A6-9213-48B4-BF14-E656D964BDEC}.Debug|Any CPU.ActiveCfg = Debug|Any CPU
		{15F0E0A6-9213-48B4-BF14-E656D964BDEC}.Debug|Any CPU.Build.0 = Debug|Any CPU
		{15F0E0A6-9213-48B4-BF14-E656D964BDEC}.Release|Any CPU.ActiveCfg = Release|Any CPU
		{15F0E0A6-9213-48B4-BF14-E656D964BDEC}.Release|Any CPU.Build.0 = Release|Any CPU
	EndGlobalSection
	GlobalSection(SolutionProperties) = preSolution
		HideSolutionNode = FALSE
	EndGlobalSection
	GlobalSection(ExtensibilityGlobals) = postSolution
		SolutionGuid = {41458EA5-F42A-43F9-B675-D1FDB8BBB323}
	EndGlobalSection
EndGlobal
